// !$*UTF8*$!
{
	archiveVersion = 1;
	classes = {
	};
	objectVersion = 56;
	objects = {

/* Begin PBXBuildFile section */
		241225382D2928D600143D50 /* AppDelegate.swift in Sources */ = {isa = PBXBuildFile; fileRef = 241225372D2928D600143D50 /* AppDelegate.swift */; };
		2412253A2D2928D600143D50 /* SceneDelegate.swift in Sources */ = {isa = PBXBuildFile; fileRef = 241225392D2928D600143D50 /* SceneDelegate.swift */; };
		2412253C2D2928D600143D50 /* ViewController.swift in Sources */ = {isa = PBXBuildFile; fileRef = 2412253B2D2928D600143D50 /* ViewController.swift */; };
		2412253F2D2928D600143D50 /* Base in Resources */ = {isa = PBXBuildFile; fileRef = 2412253E2D2928D600143D50 /* Base */; };
		241225422D2928D600143D50 /* ZooApp.xcdatamodeld in Sources */ = {isa = PBXBuildFile; fileRef = 241225402D2928D600143D50 /* ZooApp.xcdatamodeld */; };
		241225442D2928D900143D50 /* Assets.xcassets in Resources */ = {isa = PBXBuildFile; fileRef = 241225432D2928D900143D50 /* Assets.xcassets */; };
		241225472D2928D900143D50 /* Base in Resources */ = {isa = PBXBuildFile; fileRef = 241225462D2928D900143D50 /* Base */; };
/* End PBXBuildFile section */

/* Begin PBXContainerItemProxy section */
		2412254E2D2928D900143D50 /* PBXContainerItemProxy */ = {
			isa = PBXContainerItemProxy;
			containerPortal = 2412252C2D2928D600143D50 /* Project object */;
			proxyType = 1;
			remoteGlobalIDString = 241225332D2928D600143D50;
			remoteInfo = ZooApp;
		};
		241225582D2928D900143D50 /* PBXContainerItemProxy */ = {
			isa = PBXContainerItemProxy;
			containerPortal = 2412252C2D2928D600143D50 /* Project object */;
			proxyType = 1;
			remoteGlobalIDString = 241225332D2928D600143D50;
			remoteInfo = ZooApp;
		};
/* End PBXContainerItemProxy section */

/* Begin PBXFileReference section */
		241225342D2928D600143D50 /* ZooApp.app */ = {isa = PBXFileReference; explicitFileType = wrapper.application; includeInIndex = 0; path = ZooApp.app; sourceTree = BUILT_PRODUCTS_DIR; };
		241225372D2928D600143D50 /* AppDelegate.swift */ = {isa = PBXFileReference; lastKnownFileType = sourcecode.swift; path = AppDelegate.swift; sourceTree = "<group>"; };
		241225392D2928D600143D50 /* SceneDelegate.swift */ = {isa = PBXFileReference; lastKnownFileType = sourcecode.swift; path = SceneDelegate.swift; sourceTree = "<group>"; };
		2412253B2D2928D600143D50 /* ViewController.swift */ = {isa = PBXFileReference; lastKnownFileType = sourcecode.swift; path = ViewController.swift; sourceTree = "<group>"; };
		2412253E2D2928D600143D50 /* Base */ = {isa = PBXFileReference; lastKnownFileType = file.storyboard; name = Base; path = Base.lproj/Main.storyboard; sourceTree = "<group>"; };
		241225412D2928D600143D50 /* ZooApp.xcdatamodel */ = {isa = PBXFileReference; lastKnownFileType = wrapper.xcdatamodel; path = ZooApp.xcdatamodel; sourceTree = "<group>"; };
		241225432D2928D900143D50 /* Assets.xcassets */ = {isa = PBXFileReference; lastKnownFileType = folder.assetcatalog; path = Assets.xcassets; sourceTree = "<group>"; };
		241225462D2928D900143D50 /* Base */ = {isa = PBXFileReference; lastKnownFileType = file.storyboard; name = Base; path = Base.lproj/LaunchScreen.storyboard; sourceTree = "<group>"; };
		241225482D2928D900143D50 /* Info.plist */ = {isa = PBXFileReference; lastKnownFileType = text.plist.xml; path = Info.plist; sourceTree = "<group>"; };
		2412254D2D2928D900143D50 /* ZooAppTests.xctest */ = {isa = PBXFileReference; explicitFileType = wrapper.cfbundle; includeInIndex = 0; path = ZooAppTests.xctest; sourceTree = BUILT_PRODUCTS_DIR; };
		241225572D2928D900143D50 /* ZooAppUITests.xctest */ = {isa = PBXFileReference; explicitFileType = wrapper.cfbundle; includeInIndex = 0; path = ZooAppUITests.xctest; sourceTree = BUILT_PRODUCTS_DIR; };
/* End PBXFileReference section */

/* Begin PBXFrameworksBuildPhase section */
		241225312D2928D600143D50 /* Frameworks */ = {
			isa = PBXFrameworksBuildPhase;
			buildActionMask = 2147483647;
			files = (
			);
			runOnlyForDeploymentPostprocessing = 0;
		};
		2412254A2D2928D900143D50 /* Frameworks */ = {
			isa = PBXFrameworksBuildPhase;
			buildActionMask = 2147483647;
			files = (
			);
			runOnlyForDeploymentPostprocessing = 0;
		};
		241225542D2928D900143D50 /* Frameworks */ = {
			isa = PBXFrameworksBuildPhase;
			buildActionMask = 2147483647;
			files = (
			);
			runOnlyForDeploymentPostprocessing = 0;
		};
/* End PBXFrameworksBuildPhase section */

/* Begin PBXGroup section */
		2412252B2D2928D600143D50 = {
			isa = PBXGroup;
			children = (
				241225362D2928D600143D50 /* ZooApp */,
				241225352D2928D600143D50 /* Products */,
			);
			sourceTree = "<group>";
		};
		241225352D2928D600143D50 /* Products */ = {
			isa = PBXGroup;
			children = (
				241225342D2928D600143D50 /* ZooApp.app */,
				2412254D2D2928D900143D50 /* ZooAppTests.xctest */,
				241225572D2928D900143D50 /* ZooAppUITests.xctest */,
			);
			name = Products;
			sourceTree = "<group>";
		};
		241225362D2928D600143D50 /* ZooApp */ = {
			isa = PBXGroup;
			children = (
				241225372D2928D600143D50 /* AppDelegate.swift */,
				241225392D2928D600143D50 /* SceneDelegate.swift */,
				2412253B2D2928D600143D50 /* ViewController.swift */,
				2412253D2D2928D600143D50 /* Main.storyboard */,
				241225432D2928D900143D50 /* Assets.xcassets */,
				241225452D2928D900143D50 /* LaunchScreen.storyboard */,
				241225482D2928D900143D50 /* Info.plist */,
				241225402D2928D600143D50 /* ZooApp.xcdatamodeld */,
			);
			path = ZooApp;
			sourceTree = "<group>";
		};
/* End PBXGroup section */

/* Begin PBXNativeTarget section */
		241225332D2928D600143D50 /* ZooApp */ = {
			isa = PBXNativeTarget;
			buildConfigurationList = 241225612D2928D900143D50 /* Build configuration list for PBXNativeTarget "ZooApp" */;
			buildPhases = (
				241225302D2928D600143D50 /* Sources */,
				241225312D2928D600143D50 /* Frameworks */,
				241225322D2928D600143D50 /* Resources */,
			);
			buildRules = (
			);
			dependencies = (
			);
			name = ZooApp;
			productName = ZooApp;
			productReference = 241225342D2928D600143D50 /* ZooApp.app */;
			productType = "com.apple.product-type.application";
		};
		2412254C2D2928D900143D50 /* ZooAppTests */ = {
			isa = PBXNativeTarget;
			buildConfigurationList = 241225642D2928D900143D50 /* Build configuration list for PBXNativeTarget "ZooAppTests" */;
			buildPhases = (
				241225492D2928D900143D50 /* Sources */,
				2412254A2D2928D900143D50 /* Frameworks */,
				2412254B2D2928D900143D50 /* Resources */,
			);
			buildRules = (
			);
			dependencies = (
				2412254F2D2928D900143D50 /* PBXTargetDependency */,
			);
			name = ZooAppTests;
			productName = ZooAppTests;
			productReference = 2412254D2D2928D900143D50 /* ZooAppTests.xctest */;
			productType = "com.apple.product-type.bundle.unit-test";
		};
		241225562D2928D900143D50 /* ZooAppUITests */ = {
			isa = PBXNativeTarget;
			buildConfigurationList = 241225672D2928D900143D50 /* Build configuration list for PBXNativeTarget "ZooAppUITests" */;
			buildPhases = (
				241225532D2928D900143D50 /* Sources */,
				241225542D2928D900143D50 /* Frameworks */,
				241225552D2928D900143D50 /* Resources */,
			);
			buildRules = (
			);
			dependencies = (
				241225592D2928D900143D50 /* PBXTargetDependency */,
			);
			name = ZooAppUITests;
			productName = ZooAppUITests;
			productReference = 241225572D2928D900143D50 /* ZooAppUITests.xctest */;
			productType = "com.apple.product-type.bundle.ui-testing";
		};
/* End PBXNativeTarget section */

/* Begin PBXProject section */
		2412252C2D2928D600143D50 /* Project object */ = {
			isa = PBXProject;
			attributes = {
				BuildIndependentTargetsInParallel = 1;
				LastSwiftUpdateCheck = 1540;
				LastUpgradeCheck = 1540;
				TargetAttributes = {
					241225332D2928D600143D50 = {
						CreatedOnToolsVersion = 15.4;
					};
					2412254C2D2928D900143D50 = {
						CreatedOnToolsVersion = 15.4;
						TestTargetID = 241225332D2928D600143D50;
					};
					241225562D2928D900143D50 = {
						CreatedOnToolsVersion = 15.4;
						TestTargetID = 241225332D2928D600143D50;
					};
				};
			};
			buildConfigurationList = 2412252F2D2928D600143D50 /* Build configuration list for PBXProject "ZooApp" */;
			compatibilityVersion = "Xcode 14.0";
			developmentRegion = en;
			hasScannedForEncodings = 0;
			knownRegions = (
				en,
				Base,
			);
			mainGroup = 2412252B2D2928D600143D50;
			productRefGroup = 241225352D2928D600143D50 /* Products */;
			projectDirPath = "";
			projectRoot = "";
			targets = (
				241225332D2928D600143D50 /* ZooApp */,
				2412254C2D2928D900143D50 /* ZooAppTests */,
				241225562D2928D900143D50 /* ZooAppUITests */,
			);
		};
/* End PBXProject section */

/* Begin PBXResourcesBuildPhase section */
		241225322D2928D600143D50 /* Resources */ = {
			isa = PBXResourcesBuildPhase;
			buildActionMask = 2147483647;
			files = (
				241225442D2928D900143D50 /* Assets.xcassets in Resources */,
				241225472D2928D900143D50 /* Base in Resources */,
				2412253F2D2928D600143D50 /* Base in Resources */,
			);
			runOnlyForDeploymentPostprocessing = 0;
		};
		2412254B2D2928D900143D50 /* Resources */ = {
			isa = PBXResourcesBuildPhase;
			buildActionMask = 2147483647;
			files = (
			);
			runOnlyForDeploymentPostprocessing = 0;
		};
		241225552D2928D900143D50 /* Resources */ = {
			isa = PBXResourcesBuildPhase;
			buildActionMask = 2147483647;
			files = (
			);
			runOnlyForDeploymentPostprocessing = 0;
		};
/* End PBXResourcesBuildPhase section */

/* Begin PBXSourcesBuildPhase section */
		241225302D2928D600143D50 /* Sources */ = {
			isa = PBXSourcesBuildPhase;
			buildActionMask = 2147483647;
			files = (
				241225422D2928D600143D50 /* ZooApp.xcdatamodeld in Sources */,
				2412253C2D2928D600143D50 /* ViewController.swift in Sources */,
				241225382D2928D600143D50 /* AppDelegate.swift in Sources */,
				2412253A2D2928D600143D50 /* SceneDelegate.swift in Sources */,
			);
			runOnlyForDeploymentPostprocessing = 0;
		};
		241225492D2928D900143D50 /* Sources */ = {
			isa = PBXSourcesBuildPhase;
			buildActionMask = 2147483647;
			files = (
			);
			runOnlyForDeploymentPostprocessing = 0;
		};
		241225532D2928D900143D50 /* Sources */ = {
			isa = PBXSourcesBuildPhase;
			buildActionMask = 2147483647;
			files = (
			);
			runOnlyForDeploymentPostprocessing = 0;
		};
/* End PBXSourcesBuildPhase section */

/* Begin PBXTargetDependency section */
		2412254F2D2928D900143D50 /* PBXTargetDependency */ = {
			isa = PBXTargetDependency;
			target = 241225332D2928D600143D50 /* ZooApp */;
			targetProxy = 2412254E2D2928D900143D50 /* PBXContainerItemProxy */;
		};
		241225592D2928D900143D50 /* PBXTargetDependency */ = {
			isa = PBXTargetDependency;
			target = 241225332D2928D600143D50 /* ZooApp */;
			targetProxy = 241225582D2928D900143D50 /* PBXContainerItemProxy */;
		};
/* End PBXTargetDependency section */

/* Begin PBXVariantGroup section */
		2412253D2D2928D600143D50 /* Main.storyboard */ = {
			isa = PBXVariantGroup;
			children = (
				2412253E2D2928D600143D50 /* Base */,
			);
			name = Main.storyboard;
			sourceTree = "<group>";
		};
		241225452D2928D900143D50 /* LaunchScreen.storyboard */ = {
			isa = PBXVariantGroup;
			children = (
				241225462D2928D900143D50 /* Base */,
			);
			name = LaunchScreen.storyboard;
			sourceTree = "<group>";
		};
/* End PBXVariantGroup section */

/* Begin XCBuildConfiguration section */
		2412255F2D2928D900143D50 /* Debug */ = {
			isa = XCBuildConfiguration;
			buildSettings = {
				ALWAYS_SEARCH_USER_PATHS = NO;
				ASSETCATALOG_COMPILER_GENERATE_SWIFT_ASSET_SYMBOL_EXTENSIONS = YES;
				CLANG_ANALYZER_NONNULL = YES;
				CLANG_ANALYZER_NUMBER_OBJECT_CONVERSION = YES_AGGRESSIVE;
				CLANG_CXX_LANGUAGE_STANDARD = "gnu++20";
				CLANG_ENABLE_MODULES = YES;
				CLANG_ENABLE_OBJC_ARC = YES;
				CLANG_ENABLE_OBJC_WEAK = YES;
				CLANG_WARN_BLOCK_CAPTURE_AUTORELEASING = YES;
				CLANG_WARN_BOOL_CONVERSION = YES;
				CLANG_WARN_COMMA = YES;
				CLANG_WARN_CONSTANT_CONVERSION = YES;
				CLANG_WARN_DEPRECATED_OBJC_IMPLEMENTATIONS = YES;
				CLANG_WARN_DIRECT_OBJC_ISA_USAGE = YES_ERROR;
				CLANG_WARN_DOCUMENTATION_COMMENTS = YES;
				CLANG_WARN_EMPTY_BODY = YES;
				CLANG_WARN_ENUM_CONVERSION = YES;
				CLANG_WARN_INFINITE_RECURSION = YES;
				CLANG_WARN_INT_CONVERSION = YES;
				CLANG_WARN_NON_LITERAL_NULL_CONVERSION = YES;
				CLANG_WARN_OBJC_IMPLICIT_RETAIN_SELF = YES;
				CLANG_WARN_OBJC_LITERAL_CONVERSION = YES;
				CLANG_WARN_OBJC_ROOT_CLASS = YES_ERROR;
				CLANG_WARN_QUOTED_INCLUDE_IN_FRAMEWORK_HEADER = YES;
				CLANG_WARN_RANGE_LOOP_ANALYSIS = YES;
				CLANG_WARN_STRICT_PROTOTYPES = YES;
				CLANG_WARN_SUSPICIOUS_MOVE = YES;
				CLANG_WARN_UNGUARDED_AVAILABILITY = YES_AGGRESSIVE;
				CLANG_WARN_UNREACHABLE_CODE = YES;
				CLANG_WARN__DUPLICATE_METHOD_MATCH = YES;
				COPY_PHASE_STRIP = NO;
				DEBUG_INFORMATION_FORMAT = dwarf;
				ENABLE_STRICT_OBJC_MSGSEND = YES;
				ENABLE_TESTABILITY = YES;
				ENABLE_USER_SCRIPT_SANDBOXING = YES;
				GCC_C_LANGUAGE_STANDARD = gnu17;
				GCC_DYNAMIC_NO_PIC = NO;
				GCC_NO_COMMON_BLOCKS = YES;
				GCC_OPTIMIZATION_LEVEL = 0;
				GCC_PREPROCESSOR_DEFINITIONS = (
					"DEBUG=1",
					"$(inherited)",
				);
				GCC_WARN_64_TO_32_BIT_CONVERSION = YES;
				GCC_WARN_ABOUT_RETURN_TYPE = YES_ERROR;
				GCC_WARN_UNDECLARED_SELECTOR = YES;
				GCC_WARN_UNINITIALIZED_AUTOS = YES_AGGRESSIVE;
				GCC_WARN_UNUSED_FUNCTION = YES;
				GCC_WARN_UNUSED_VARIABLE = YES;
				IPHONEOS_DEPLOYMENT_TARGET = 17.5;
				LOCALIZATION_PREFERS_STRING_CATALOGS = YES;
				MTL_ENABLE_DEBUG_INFO = INCLUDE_SOURCE;
				MTL_FAST_MATH = YES;
				ONLY_ACTIVE_ARCH = YES;
				SDKROOT = iphoneos;
				SWIFT_ACTIVE_COMPILATION_CONDITIONS = "DEBUG $(inherited)";
				SWIFT_OPTIMIZATION_LEVEL = "-Onone";
			};
			name = Debug;
		};
		241225602D2928D900143D50 /* Release */ = {
			isa = XCBuildConfiguration;
			buildSettings = {
				ALWAYS_SEARCH_USER_PATHS = NO;
				ASSETCATALOG_COMPILER_GENERATE_SWIFT_ASSET_SYMBOL_EXTENSIONS = YES;
				CLANG_ANALYZER_NONNULL = YES;
				CLANG_ANALYZER_NUMBER_OBJECT_CONVERSION = YES_AGGRESSIVE;
				CLANG_CXX_LANGUAGE_STANDARD = "gnu++20";
				CLANG_ENABLE_MODULES = YES;
				CLANG_ENABLE_OBJC_ARC = YES;
				CLANG_ENABLE_OBJC_WEAK = YES;
				CLANG_WARN_BLOCK_CAPTURE_AUTORELEASING = YES;
				CLANG_WARN_BOOL_CONVERSION = YES;
				CLANG_WARN_COMMA = YES;
				CLANG_WARN_CONSTANT_CONVERSION = YES;
				CLANG_WARN_DEPRECATED_OBJC_IMPLEMENTATIONS = YES;
				CLANG_WARN_DIRECT_OBJC_ISA_USAGE = YES_ERROR;
				CLANG_WARN_DOCUMENTATION_COMMENTS = YES;
				CLANG_WARN_EMPTY_BODY = YES;
				CLANG_WARN_ENUM_CONVERSION = YES;
				CLANG_WARN_INFINITE_RECURSION = YES;
				CLANG_WARN_INT_CONVERSION = YES;
				CLANG_WARN_NON_LITERAL_NULL_CONVERSION = YES;
				CLANG_WARN_OBJC_IMPLICIT_RETAIN_SELF = YES;
				CLANG_WARN_OBJC_LITERAL_CONVERSION = YES;
				CLANG_WARN_OBJC_ROOT_CLASS = YES_ERROR;
				CLANG_WARN_QUOTED_INCLUDE_IN_FRAMEWORK_HEADER = YES;
				CLANG_WARN_RANGE_LOOP_ANALYSIS = YES;
				CLANG_WARN_STRICT_PROTOTYPES = YES;
				CLANG_WARN_SUSPICIOUS_MOVE = YES;
				CLANG_WARN_UNGUARDED_AVAILABILITY = YES_AGGRESSIVE;
				CLANG_WARN_UNREACHABLE_CODE = YES;
				CLANG_WARN__DUPLICATE_METHOD_MATCH = YES;
				COPY_PHASE_STRIP = NO;
				DEBUG_INFORMATION_FORMAT = "dwarf-with-dsym";
				ENABLE_NS_ASSERTIONS = NO;
				ENABLE_STRICT_OBJC_MSGSEND = YES;
				ENABLE_USER_SCRIPT_SANDBOXING = YES;
				GCC_C_LANGUAGE_STANDARD = gnu17;
				GCC_NO_COMMON_BLOCKS = YES;
				GCC_WARN_64_TO_32_BIT_CONVERSION = YES;
				GCC_WARN_ABOUT_RETURN_TYPE = YES_ERROR;
				GCC_WARN_UNDECLARED_SELECTOR = YES;
				GCC_WARN_UNINITIALIZED_AUTOS = YES_AGGRESSIVE;
				GCC_WARN_UNUSED_FUNCTION = YES;
				GCC_WARN_UNUSED_VARIABLE = YES;
				IPHONEOS_DEPLOYMENT_TARGET = 17.5;
				LOCALIZATION_PREFERS_STRING_CATALOGS = YES;
				MTL_ENABLE_DEBUG_INFO = NO;
				MTL_FAST_MATH = YES;
				SDKROOT = iphoneos;
				SWIFT_COMPILATION_MODE = wholemodule;
				VALIDATE_PRODUCT = YES;
			};
			name = Release;
		};
		241225622D2928D900143D50 /* Debug */ = {
			isa = XCBuildConfiguration;
			buildSettings = {
				ASSETCATALOG_COMPILER_APPICON_NAME = AppIcon;
				ASSETCATALOG_COMPILER_GLOBAL_ACCENT_COLOR_NAME = AccentColor;
				CODE_SIGN_STYLE = Automatic;
				CURRENT_PROJECT_VERSION = 1;
				GENERATE_INFOPLIST_FILE = YES;
				INFOPLIST_FILE = ZooApp/Info.plist;
				INFOPLIST_KEY_UIApplicationSupportsIndirectInputEvents = YES;
				INFOPLIST_KEY_UILaunchStoryboardName = LaunchScreen;
				INFOPLIST_KEY_UIMainStoryboardFile = Main;
				INFOPLIST_KEY_UISupportedInterfaceOrientations_iPad = "UIInterfaceOrientationPortrait UIInterfaceOrientationPortraitUpsideDown UIInterfaceOrientationLandscapeLeft UIInterfaceOrientationLandscapeRight";
				INFOPLIST_KEY_UISupportedInterfaceOrientations_iPhone = "UIInterfaceOrientationPortrait UIInterfaceOrientationLandscapeLeft UIInterfaceOrientationLandscapeRight";
				LD_RUNPATH_SEARCH_PATHS = (
					"$(inherited)",
					"@executable_path/Frameworks",
				);
				MARKETING_VERSION = 1.0;
				PRODUCT_BUNDLE_IDENTIFIER = com..ZooApp;
				PRODUCT_NAME = "$(TARGET_NAME)";
				SWIFT_EMIT_LOC_STRINGS = YES;
				SWIFT_VERSION = 5.0;
				TARGETED_DEVICE_FAMILY = "1,2";
			};
			name = Debug;
		};
		241225632D2928D900143D50 /* Release */ = {
			isa = XCBuildConfiguration;
			buildSettings = {
				ASSETCATALOG_COMPILER_APPICON_NAME = AppIcon;
				ASSETCATALOG_COMPILER_GLOBAL_ACCENT_COLOR_NAME = AccentColor;
				CODE_SIGN_STYLE = Automatic;
				CURRENT_PROJECT_VERSION = 1;
				GENERATE_INFOPLIST_FILE = YES;
				INFOPLIST_FILE = ZooApp/Info.plist;
				INFOPLIST_KEY_UIApplicationSupportsIndirectInputEvents = YES;
				INFOPLIST_KEY_UILaunchStoryboardName = LaunchScreen;
				INFOPLIST_KEY_UIMainStoryboardFile = Main;
				INFOPLIST_KEY_UISupportedInterfaceOrientations_iPad = "UIInterfaceOrientationPortrait UIInterfaceOrientationPortraitUpsideDown UIInterfaceOrientationLandscapeLeft UIInterfaceOrientationLandscapeRight";
				INFOPLIST_KEY_UISupportedInterfaceOrientations_iPhone = "UIInterfaceOrientationPortrait UIInterfaceOrientationLandscapeLeft UIInterfaceOrientationLandscapeRight";
				LD_RUNPATH_SEARCH_PATHS = (
					"$(inherited)",
					"@executable_path/Frameworks",
				);
				MARKETING_VERSION = 1.0;
				PRODUCT_BUNDLE_IDENTIFIER = com..ZooApp;
				PRODUCT_NAME = "$(TARGET_NAME)";
				SWIFT_EMIT_LOC_STRINGS = YES;
				SWIFT_VERSION = 5.0;
				TARGETED_DEVICE_FAMILY = "1,2";
			};
			name = Release;
		};
		241225652D2928D900143D50 /* Debug */ = {
			isa = XCBuildConfiguration;
			buildSettings = {
				ALWAYS_EMBED_SWIFT_STANDARD_LIBRARIES = YES;
				BUNDLE_LOADER = "$(TEST_HOST)";
				CODE_SIGN_STYLE = Automatic;
				CURRENT_PROJECT_VERSION = 1;
				GENERATE_INFOPLIST_FILE = YES;
				IPHONEOS_DEPLOYMENT_TARGET = 17.5;
				MARKETING_VERSION = 1.0;
				PRODUCT_BUNDLE_IDENTIFIER = com..ZooAppTests;
				PRODUCT_NAME = "$(TARGET_NAME)";
				SWIFT_EMIT_LOC_STRINGS = NO;
				SWIFT_VERSION = 5.0;
				TARGETED_DEVICE_FAMILY = "1,2";
				TEST_HOST = "$(BUILT_PRODUCTS_DIR)/ZooApp.app/$(BUNDLE_EXECUTABLE_FOLDER_PATH)/ZooApp";
			};
			name = Debug;
		};
		241225662D2928D900143D50 /* Release */ = {
			isa = XCBuildConfiguration;
			buildSettings = {
				ALWAYS_EMBED_SWIFT_STANDARD_LIBRARIES = YES;
				BUNDLE_LOADER = "$(TEST_HOST)";
				CODE_SIGN_STYLE = Automatic;
				CURRENT_PROJECT_VERSION = 1;
				GENERATE_INFOPLIST_FILE = YES;
				IPHONEOS_DEPLOYMENT_TARGET = 17.5;
				MARKETING_VERSION = 1.0;
				PRODUCT_BUNDLE_IDENTIFIER = com..ZooAppTests;
				PRODUCT_NAME = "$(TARGET_NAME)";
				SWIFT_EMIT_LOC_STRINGS = NO;
				SWIFT_VERSION = 5.0;
				TARGETED_DEVICE_FAMILY = "1,2";
				TEST_HOST = "$(BUILT_PRODUCTS_DIR)/ZooApp.app/$(BUNDLE_EXECUTABLE_FOLDER_PATH)/ZooApp";
			};
			name = Release;
		};
		241225682D2928D900143D50 /* Debug */ = {
			isa = XCBuildConfiguration;
			buildSettings = {
				ALWAYS_EMBED_SWIFT_STANDARD_LIBRARIES = YES;
				CODE_SIGN_STYLE = Automatic;
				CURRENT_PROJECT_VERSION = 1;
				GENERATE_INFOPLIST_FILE = YES;
				MARKETING_VERSION = 1.0;
				PRODUCT_BUNDLE_IDENTIFIER = com..ZooAppUITests;
				PRODUCT_NAME = "$(TARGET_NAME)";
				SWIFT_EMIT_LOC_STRINGS = NO;
				SWIFT_VERSION = 5.0;
				TARGETED_DEVICE_FAMILY = "1,2";
				TEST_TARGET_NAME = ZooApp;
			};
			name = Debug;
		};
		241225692D2928D900143D50 /* Release */ = {
			isa = XCBuildConfiguration;
			buildSettings = {
				ALWAYS_EMBED_SWIFT_STANDARD_LIBRARIES = YES;
				CODE_SIGN_STYLE = Automatic;
				CURRENT_PROJECT_VERSION = 1;
				GENERATE_INFOPLIST_FILE = YES;
				MARKETING_VERSION = 1.0;
				PRODUCT_BUNDLE_IDENTIFIER = com..ZooAppUITests;
				PRODUCT_NAME = "$(TARGET_NAME)";
				SWIFT_EMIT_LOC_STRINGS = NO;
				SWIFT_VERSION = 5.0;
				TARGETED_DEVICE_FAMILY = "1,2";
				TEST_TARGET_NAME = ZooApp;
			};
			name = Release;
		};
/* End XCBuildConfiguration section */

/* Begin XCConfigurationList section */
		2412252F2D2928D600143D50 /* Build configuration list for PBXProject "ZooApp" */ = {
			isa = XCConfigurationList;
			buildConfigurations = (
				2412255F2D2928D900143D50 /* Debug */,
				241225602D2928D900143D50 /* Release */,
			);
			defaultConfigurationIsVisible = 0;
			defaultConfigurationName = Release;
		};
		241225612D2928D900143D50 /* Build configuration list for PBXNativeTarget "ZooApp" */ = {
			isa = XCConfigurationList;
			buildConfigurations = (
				241225622D2928D900143D50 /* Debug */,
				241225632D2928D900143D50 /* Release */,
			);
			defaultConfigurationIsVisible = 0;
			defaultConfigurationName = Release;
		};
		241225642D2928D900143D50 /* Build configuration list for PBXNativeTarget "ZooAppTests" */ = {
			isa = XCConfigurationList;
			buildConfigurations = (
				241225652D2928D900143D50 /* Debug */,
				241225662D2928D900143D50 /* Release */,
			);
			defaultConfigurationIsVisible = 0;
			defaultConfigurationName = Release;
		};
		241225672D2928D900143D50 /* Build configuration list for PBXNativeTarget "ZooAppUITests" */ = {
			isa = XCConfigurationList;
			buildConfigurations = (
				241225682D2928D900143D50 /* Debug */,
				241225692D2928D900143D50 /* Release */,
			);
			defaultConfigurationIsVisible = 0;
			defaultConfigurationName = Release;
		};
/* End XCConfigurationList section */

/* Begin XCVersionGroup section */
		241225402D2928D600143D50 /* ZooApp.xcdatamodeld */ = {
			isa = XCVersionGroup;
			children = (
				241225412D2928D600143D50 /* ZooApp.xcdatamodel */,
			);
			currentVersion = 241225412D2928D600143D50 /* ZooApp.xcdatamodel */;
			path = ZooApp.xcdatamodeld;
			sourceTree = "<group>";
			versionGroupType = wrapper.xcdatamodel;
		};
/* End XCVersionGroup section */
	};
	rootObject = 2412252C2D2928D600143D50 /* Project object */;
}
