// !$*UTF8*$!
{
	archiveVersion = 1;
	classes = {
	};
	objectVersion = 56;
	objects = {

/* Begin PBXBuildFile section */
		24020BE32D2930E100AC0DB6 /* OnboardingController.swift in Sources */ = {isa = PBXBuildFile; fileRef = 24020BE22D2930E100AC0DB6 /* OnboardingController.swift */; };
		24020BE52D293C6000AC0DB6 /* LoginController.swift in Sources */ = {isa = PBXBuildFile; fileRef = 24020BE42D293C6000AC0DB6 /* LoginController.swift */; };
		24020BE72D294F9100AC0DB6 /* RegisterController.swift in Sources */ = {isa = PBXBuildFile; fileRef = 24020BE62D294F9100AC0DB6 /* RegisterController.swift */; };
		24020BE92D29517100AC0DB6 /* User.swift in Sources */ = {isa = PBXBuildFile; fileRef = 24020BE82D29517100AC0DB6 /* User.swift */; };
		24020BEC2D29527B00AC0DB6 /* LoginViewModel.swift in Sources */ = {isa = PBXBuildFile; fileRef = 24020BEB2D29527B00AC0DB6 /* LoginViewModel.swift */; };
		24020BEF2D2952A400AC0DB6 /* RegisterViewModel.swift in Sources */ = {isa = PBXBuildFile; fileRef = 24020BEE2D2952A400AC0DB6 /* RegisterViewModel.swift */; };
		24020BF32D2977DD00AC0DB6 /* HomeController.swift in Sources */ = {isa = PBXBuildFile; fileRef = 24020BF22D2977DD00AC0DB6 /* HomeController.swift */; };
		24020BF82D2BCFB900AC0DB6 /* Zoo.swift in Sources */ = {isa = PBXBuildFile; fileRef = 24020BF72D2BCFB900AC0DB6 /* Zoo.swift */; };
		24020C002D2BDD4F00AC0DB6 /* ZooCell.xib in Resources */ = {isa = PBXBuildFile; fileRef = 24020BFF2D2BDD4F00AC0DB6 /* ZooCell.xib */; };
		24020C012D2BDD4F00AC0DB6 /* ZooCell.swift in Sources */ = {isa = PBXBuildFile; fileRef = 24020BFE2D2BDD4F00AC0DB6 /* ZooCell.swift */; };
		24020C052D2BFC0600AC0DB6 /* ZooViewModel.swift in Sources */ = {isa = PBXBuildFile; fileRef = 24020C042D2BFC0600AC0DB6 /* ZooViewModel.swift */; };
		241225382D2928D600143D50 /* AppDelegate.swift in Sources */ = {isa = PBXBuildFile; fileRef = 241225372D2928D600143D50 /* AppDelegate.swift */; };
		2412253A2D2928D600143D50 /* SceneDelegate.swift in Sources */ = {isa = PBXBuildFile; fileRef = 241225392D2928D600143D50 /* SceneDelegate.swift */; };
		2412253F2D2928D600143D50 /* Base in Resources */ = {isa = PBXBuildFile; fileRef = 2412253E2D2928D600143D50 /* Base */; };
		241225422D2928D600143D50 /* ZooApp.xcdatamodeld in Sources */ = {isa = PBXBuildFile; fileRef = 241225402D2928D600143D50 /* ZooApp.xcdatamodeld */; };
		241225442D2928D900143D50 /* Assets.xcassets in Resources */ = {isa = PBXBuildFile; fileRef = 241225432D2928D900143D50 /* Assets.xcassets */; };
		241225472D2928D900143D50 /* Base in Resources */ = {isa = PBXBuildFile; fileRef = 241225462D2928D900143D50 /* Base */; };
		241BE2972D2E92FD002F0BD0 /* AnimalDetailController.swift in Sources */ = {isa = PBXBuildFile; fileRef = 241BE2962D2E92FD002F0BD0 /* AnimalDetailController.swift */; };
		241BE2992D2E963D002F0BD0 /* AnimalDetailViewModel.swift in Sources */ = {isa = PBXBuildFile; fileRef = 241BE2982D2E963D002F0BD0 /* AnimalDetailViewModel.swift */; };
		243E9BA12D2FB05D006E20FB /* ZooDetailController.swift in Sources */ = {isa = PBXBuildFile; fileRef = 243E9BA02D2FB05D006E20FB /* ZooDetailController.swift */; };
		243E9BA42D2FB08F006E20FB /* ZooDetailCell.swift in Sources */ = {isa = PBXBuildFile; fileRef = 243E9BA22D2FB08F006E20FB /* ZooDetailCell.swift */; };
		243E9BA52D2FB08F006E20FB /* ZooDetailCell.xib in Resources */ = {isa = PBXBuildFile; fileRef = 243E9BA32D2FB08F006E20FB /* ZooDetailCell.xib */; };
		243E9BA82D2FE85A006E20FB /* CoreData.swift in Sources */ = {isa = PBXBuildFile; fileRef = 243E9BA72D2FE85A006E20FB /* CoreData.swift */; };
		243E9BAA2D2FE863006E20FB /* ZooData.swift in Sources */ = {isa = PBXBuildFile; fileRef = 243E9BA92D2FE863006E20FB /* ZooData.swift */; };
		243E9BB52D2FE8EF006E20FB /* ZooDetails+CoreDataClass.swift in Sources */ = {isa = PBXBuildFile; fileRef = 243E9BB32D2FE8EF006E20FB /* ZooDetails+CoreDataClass.swift */; };
		243E9BB62D2FE8EF006E20FB /* ZooDetails+CoreDataProperties.swift in Sources */ = {isa = PBXBuildFile; fileRef = 243E9BB42D2FE8EF006E20FB /* ZooDetails+CoreDataProperties.swift */; };
		243E9BB92D2FF208006E20FB /* ZooDetail.swift in Sources */ = {isa = PBXBuildFile; fileRef = 243E9BB82D2FF208006E20FB /* ZooDetail.swift */; };
		243E9BC22D317E15006E20FB /* ListCell.swift in Sources */ = {isa = PBXBuildFile; fileRef = 243E9BC02D317E15006E20FB /* ListCell.swift */; };
		243E9BC32D317E15006E20FB /* ListCell.xib in Resources */ = {isa = PBXBuildFile; fileRef = 243E9BC12D317E15006E20FB /* ListCell.xib */; };
		243FA5E22D2C150600C98E5A /* AnimalListController.swift in Sources */ = {isa = PBXBuildFile; fileRef = 243FA5E12D2C150600C98E5A /* AnimalListController.swift */; };
		243FA5E42D2C3FB300C98E5A /* AnimalViewModel.swift in Sources */ = {isa = PBXBuildFile; fileRef = 243FA5E32D2C3FB300C98E5A /* AnimalViewModel.swift */; };
		243FA62F2D2D614800C98E5A /* ZooFile.json in Resources */ = {isa = PBXBuildFile; fileRef = 243FA62E2D2D614800C98E5A /* ZooFile.json */; };
		24F4398B2D34240F00011EDB /* FileManagerUser.swift in Sources */ = {isa = PBXBuildFile; fileRef = 24F4398A2D34240F00011EDB /* FileManagerUser.swift */; };
		24F439902D36926E00011EDB /* UserDefaultsHelper.swift in Sources */ = {isa = PBXBuildFile; fileRef = 24F4398F2D36926E00011EDB /* UserDefaultsHelper.swift */; };
		24F439962D37B91800011EDB /* FavoritesController.swift in Sources */ = {isa = PBXBuildFile; fileRef = 24F439952D37B91800011EDB /* FavoritesController.swift */; };
		24F4399A2D3821A300011EDB /* UserDefaults.swift in Sources */ = {isa = PBXBuildFile; fileRef = 24F439992D3821A300011EDB /* UserDefaults.swift */; };
/* End PBXBuildFile section */

/* Begin PBXContainerItemProxy section */
		2412254E2D2928D900143D50 /* PBXContainerItemProxy */ = {
			isa = PBXContainerItemProxy;
			containerPortal = 2412252C2D2928D600143D50 /* Project object */;
			proxyType = 1;
			remoteGlobalIDString = 241225332D2928D600143D50;
			remoteInfo = ZooApp;
		};
		241225582D2928D900143D50 /* PBXContainerItemProxy */ = {
			isa = PBXContainerItemProxy;
			containerPortal = 2412252C2D2928D600143D50 /* Project object */;
			proxyType = 1;
			remoteGlobalIDString = 241225332D2928D600143D50;
			remoteInfo = ZooApp;
		};
/* End PBXContainerItemProxy section */

/* Begin PBXFileReference section */
		24020BE22D2930E100AC0DB6 /* OnboardingController.swift */ = {isa = PBXFileReference; lastKnownFileType = sourcecode.swift; path = OnboardingController.swift; sourceTree = "<group>"; };
		24020BE42D293C6000AC0DB6 /* LoginController.swift */ = {isa = PBXFileReference; lastKnownFileType = sourcecode.swift; path = LoginController.swift; sourceTree = "<group>"; };
		24020BE62D294F9100AC0DB6 /* RegisterController.swift */ = {isa = PBXFileReference; lastKnownFileType = sourcecode.swift; path = RegisterController.swift; sourceTree = "<group>"; };
		24020BE82D29517100AC0DB6 /* User.swift */ = {isa = PBXFileReference; lastKnownFileType = sourcecode.swift; path = User.swift; sourceTree = "<group>"; };
		24020BEB2D29527B00AC0DB6 /* LoginViewModel.swift */ = {isa = PBXFileReference; lastKnownFileType = sourcecode.swift; path = LoginViewModel.swift; sourceTree = "<group>"; };
		24020BEE2D2952A400AC0DB6 /* RegisterViewModel.swift */ = {isa = PBXFileReference; lastKnownFileType = sourcecode.swift; path = RegisterViewModel.swift; sourceTree = "<group>"; };
		24020BF22D2977DD00AC0DB6 /* HomeController.swift */ = {isa = PBXFileReference; lastKnownFileType = sourcecode.swift; path = HomeController.swift; sourceTree = "<group>"; };
		24020BF72D2BCFB900AC0DB6 /* Zoo.swift */ = {isa = PBXFileReference; lastKnownFileType = sourcecode.swift; path = Zoo.swift; sourceTree = "<group>"; };
		24020BFE2D2BDD4F00AC0DB6 /* ZooCell.swift */ = {isa = PBXFileReference; lastKnownFileType = sourcecode.swift; path = ZooCell.swift; sourceTree = "<group>"; };
		24020BFF2D2BDD4F00AC0DB6 /* ZooCell.xib */ = {isa = PBXFileReference; lastKnownFileType = file.xib; path = ZooCell.xib; sourceTree = "<group>"; };
		24020C042D2BFC0600AC0DB6 /* ZooViewModel.swift */ = {isa = PBXFileReference; lastKnownFileType = sourcecode.swift; path = ZooViewModel.swift; sourceTree = "<group>"; };
		241225342D2928D600143D50 /* ZooApp.app */ = {isa = PBXFileReference; explicitFileType = wrapper.application; includeInIndex = 0; path = ZooApp.app; sourceTree = BUILT_PRODUCTS_DIR; };
		241225372D2928D600143D50 /* AppDelegate.swift */ = {isa = PBXFileReference; lastKnownFileType = sourcecode.swift; path = AppDelegate.swift; sourceTree = "<group>"; };
		241225392D2928D600143D50 /* SceneDelegate.swift */ = {isa = PBXFileReference; lastKnownFileType = sourcecode.swift; path = SceneDelegate.swift; sourceTree = "<group>"; };
		2412253E2D2928D600143D50 /* Base */ = {isa = PBXFileReference; lastKnownFileType = file.storyboard; name = Base; path = Base.lproj/Main.storyboard; sourceTree = "<group>"; };
		241225412D2928D600143D50 /* ZooApp.xcdatamodel */ = {isa = PBXFileReference; lastKnownFileType = wrapper.xcdatamodel; path = ZooApp.xcdatamodel; sourceTree = "<group>"; };
		241225432D2928D900143D50 /* Assets.xcassets */ = {isa = PBXFileReference; lastKnownFileType = folder.assetcatalog; path = Assets.xcassets; sourceTree = "<group>"; };
		241225462D2928D900143D50 /* Base */ = {isa = PBXFileReference; lastKnownFileType = file.storyboard; name = Base; path = Base.lproj/LaunchScreen.storyboard; sourceTree = "<group>"; };
		241225482D2928D900143D50 /* Info.plist */ = {isa = PBXFileReference; lastKnownFileType = text.plist.xml; path = Info.plist; sourceTree = "<group>"; };
		2412254D2D2928D900143D50 /* ZooAppTests.xctest */ = {isa = PBXFileReference; explicitFileType = wrapper.cfbundle; includeInIndex = 0; path = ZooAppTests.xctest; sourceTree = BUILT_PRODUCTS_DIR; };
		241225572D2928D900143D50 /* ZooAppUITests.xctest */ = {isa = PBXFileReference; explicitFileType = wrapper.cfbundle; includeInIndex = 0; path = ZooAppUITests.xctest; sourceTree = BUILT_PRODUCTS_DIR; };
		241BE2962D2E92FD002F0BD0 /* AnimalDetailController.swift */ = {isa = PBXFileReference; lastKnownFileType = sourcecode.swift; path = AnimalDetailController.swift; sourceTree = "<group>"; };
		241BE2982D2E963D002F0BD0 /* AnimalDetailViewModel.swift */ = {isa = PBXFileReference; lastKnownFileType = sourcecode.swift; path = AnimalDetailViewModel.swift; sourceTree = "<group>"; };
		243E9BA02D2FB05D006E20FB /* ZooDetailController.swift */ = {isa = PBXFileReference; lastKnownFileType = sourcecode.swift; path = ZooDetailController.swift; sourceTree = "<group>"; };
		243E9BA22D2FB08F006E20FB /* ZooDetailCell.swift */ = {isa = PBXFileReference; lastKnownFileType = sourcecode.swift; path = ZooDetailCell.swift; sourceTree = "<group>"; };
		243E9BA32D2FB08F006E20FB /* ZooDetailCell.xib */ = {isa = PBXFileReference; lastKnownFileType = file.xib; path = ZooDetailCell.xib; sourceTree = "<group>"; };
		243E9BA72D2FE85A006E20FB /* CoreData.swift */ = {isa = PBXFileReference; lastKnownFileType = sourcecode.swift; path = CoreData.swift; sourceTree = "<group>"; };
		243E9BA92D2FE863006E20FB /* ZooData.swift */ = {isa = PBXFileReference; lastKnownFileType = sourcecode.swift; path = ZooData.swift; sourceTree = "<group>"; };
		243E9BB32D2FE8EF006E20FB /* ZooDetails+CoreDataClass.swift */ = {isa = PBXFileReference; lastKnownFileType = sourcecode.swift; path = "ZooDetails+CoreDataClass.swift"; sourceTree = "<group>"; };
		243E9BB42D2FE8EF006E20FB /* ZooDetails+CoreDataProperties.swift */ = {isa = PBXFileReference; lastKnownFileType = sourcecode.swift; path = "ZooDetails+CoreDataProperties.swift"; sourceTree = "<group>"; };
		243E9BB82D2FF208006E20FB /* ZooDetail.swift */ = {isa = PBXFileReference; lastKnownFileType = sourcecode.swift; path = ZooDetail.swift; sourceTree = "<group>"; };
		243E9BC02D317E15006E20FB /* ListCell.swift */ = {isa = PBXFileReference; lastKnownFileType = sourcecode.swift; path = ListCell.swift; sourceTree = "<group>"; };
		243E9BC12D317E15006E20FB /* ListCell.xib */ = {isa = PBXFileReference; lastKnownFileType = file.xib; path = ListCell.xib; sourceTree = "<group>"; };
		243FA5E12D2C150600C98E5A /* AnimalListController.swift */ = {isa = PBXFileReference; lastKnownFileType = sourcecode.swift; path = AnimalListController.swift; sourceTree = "<group>"; };
		243FA5E32D2C3FB300C98E5A /* AnimalViewModel.swift */ = {isa = PBXFileReference; lastKnownFileType = sourcecode.swift; path = AnimalViewModel.swift; sourceTree = "<group>"; };
		243FA62E2D2D614800C98E5A /* ZooFile.json */ = {isa = PBXFileReference; lastKnownFileType = text.json; path = ZooFile.json; sourceTree = "<group>"; };
		24F4398A2D34240F00011EDB /* FileManagerUser.swift */ = {isa = PBXFileReference; lastKnownFileType = sourcecode.swift; path = FileManagerUser.swift; sourceTree = "<group>"; };
		24F4398F2D36926E00011EDB /* UserDefaultsHelper.swift */ = {isa = PBXFileReference; lastKnownFileType = sourcecode.swift; path = UserDefaultsHelper.swift; sourceTree = "<group>"; };
		24F439952D37B91800011EDB /* FavoritesController.swift */ = {isa = PBXFileReference; lastKnownFileType = sourcecode.swift; path = FavoritesController.swift; sourceTree = "<group>"; };
		24F439992D3821A300011EDB /* UserDefaults.swift */ = {isa = PBXFileReference; lastKnownFileType = sourcecode.swift; path = UserDefaults.swift; sourceTree = "<group>"; };
/* End PBXFileReference section */

/* Begin PBXFrameworksBuildPhase section */
		241225312D2928D600143D50 /* Frameworks */ = {
			isa = PBXFrameworksBuildPhase;
			buildActionMask = 2147483647;
			files = (
			);
			runOnlyForDeploymentPostprocessing = 0;
		};
		2412254A2D2928D900143D50 /* Frameworks */ = {
			isa = PBXFrameworksBuildPhase;
			buildActionMask = 2147483647;
			files = (
			);
			runOnlyForDeploymentPostprocessing = 0;
		};
		241225542D2928D900143D50 /* Frameworks */ = {
			isa = PBXFrameworksBuildPhase;
			buildActionMask = 2147483647;
			files = (
			);
			runOnlyForDeploymentPostprocessing = 0;
		};
/* End PBXFrameworksBuildPhase section */

/* Begin PBXGroup section */
		24020BEA2D29525F00AC0DB6 /* Controller */ = {
			isa = PBXGroup;
			children = (
				24020BE22D2930E100AC0DB6 /* OnboardingController.swift */,
				24020BE42D293C6000AC0DB6 /* LoginController.swift */,
				24020BE62D294F9100AC0DB6 /* RegisterController.swift */,
				24020BF22D2977DD00AC0DB6 /* HomeController.swift */,
				243FA5E12D2C150600C98E5A /* AnimalListController.swift */,
				241BE2962D2E92FD002F0BD0 /* AnimalDetailController.swift */,
				243E9BA02D2FB05D006E20FB /* ZooDetailController.swift */,
				24F439952D37B91800011EDB /* FavoritesController.swift */,
			);
			path = Controller;
			sourceTree = "<group>";
		};
		24020BF52D2BCF8900AC0DB6 /* Model */ = {
			isa = PBXGroup;
			children = (
				24020BEB2D29527B00AC0DB6 /* LoginViewModel.swift */,
				24020BEE2D2952A400AC0DB6 /* RegisterViewModel.swift */,
				24020C042D2BFC0600AC0DB6 /* ZooViewModel.swift */,
				243FA5E32D2C3FB300C98E5A /* AnimalViewModel.swift */,
				241BE2982D2E963D002F0BD0 /* AnimalDetailViewModel.swift */,
				24020BF72D2BCFB900AC0DB6 /* Zoo.swift */,
				243E9BB82D2FF208006E20FB /* ZooDetail.swift */,
				24020BE82D29517100AC0DB6 /* User.swift */,
			);
			path = Model;
			sourceTree = "<group>";
		};
		2412252B2D2928D600143D50 = {
			isa = PBXGroup;
			children = (
				241225362D2928D600143D50 /* ZooApp */,
				241225352D2928D600143D50 /* Products */,
			);
			sourceTree = "<group>";
		};
		241225352D2928D600143D50 /* Products */ = {
			isa = PBXGroup;
			children = (
				241225342D2928D600143D50 /* ZooApp.app */,
				2412254D2D2928D900143D50 /* ZooAppTests.xctest */,
				241225572D2928D900143D50 /* ZooAppUITests.xctest */,
			);
			name = Products;
			sourceTree = "<group>";
		};
		241225362D2928D600143D50 /* ZooApp */ = {
			isa = PBXGroup;
			children = (
				24020BEA2D29525F00AC0DB6 /* Controller */,
				24F4399B2D382C5800011EDB /* UserDefaults */,
				24F4398C2D3428FD00011EDB /* File Manager */,
				24020BF52D2BCF8900AC0DB6 /* Model */,
				243FA63E2D2DAD4100C98E5A /* Cell */,
				243E9BB72D2FE904006E20FB /* Core Data */,
				241225372D2928D600143D50 /* AppDelegate.swift */,
				241225392D2928D600143D50 /* SceneDelegate.swift */,
				2412253D2D2928D600143D50 /* Main.storyboard */,
				241225452D2928D900143D50 /* LaunchScreen.storyboard */,
				241225482D2928D900143D50 /* Info.plist */,
				241225432D2928D900143D50 /* Assets.xcassets */,
				243FA62E2D2D614800C98E5A /* ZooFile.json */,
			);
			path = ZooApp;
			sourceTree = "<group>";
		};
		243E9BB72D2FE904006E20FB /* Core Data */ = {
			isa = PBXGroup;
			children = (
				243E9BB42D2FE8EF006E20FB /* ZooDetails+CoreDataProperties.swift */,
				243E9BB32D2FE8EF006E20FB /* ZooDetails+CoreDataClass.swift */,
				243E9BA72D2FE85A006E20FB /* CoreData.swift */,
				243E9BA92D2FE863006E20FB /* ZooData.swift */,
				241225402D2928D600143D50 /* ZooApp.xcdatamodeld */,
			);
			path = "Core Data";
			sourceTree = "<group>";
		};
		243FA63E2D2DAD4100C98E5A /* Cell */ = {
			isa = PBXGroup;
			children = (
				243E9BC02D317E15006E20FB /* ListCell.swift */,
				243E9BC12D317E15006E20FB /* ListCell.xib */,
				24020BFE2D2BDD4F00AC0DB6 /* ZooCell.swift */,
				24020BFF2D2BDD4F00AC0DB6 /* ZooCell.xib */,
				243E9BA22D2FB08F006E20FB /* ZooDetailCell.swift */,
				243E9BA32D2FB08F006E20FB /* ZooDetailCell.xib */,
			);
			path = Cell;
			sourceTree = "<group>";
		};
		24F4398C2D3428FD00011EDB /* File Manager */ = {
			isa = PBXGroup;
			children = (
				24F4398A2D34240F00011EDB /* FileManagerUser.swift */,
			);
			path = "File Manager";
			sourceTree = "<group>";
		};
		24F4399B2D382C5800011EDB /* UserDefaults */ = {
			isa = PBXGroup;
			children = (
				24F439992D3821A300011EDB /* UserDefaults.swift */,
				24F4398F2D36926E00011EDB /* UserDefaultsHelper.swift */,
			);
			path = UserDefaults;
			sourceTree = "<group>";
		};
/* End PBXGroup section */

/* Begin PBXNativeTarget section */
		241225332D2928D600143D50 /* ZooApp */ = {
			isa = PBXNativeTarget;
			buildConfigurationList = 241225612D2928D900143D50 /* Build configuration list for PBXNativeTarget "ZooApp" */;
			buildPhases = (
				241225302D2928D600143D50 /* Sources */,
				241225312D2928D600143D50 /* Frameworks */,
				241225322D2928D600143D50 /* Resources */,
			);
			buildRules = (
			);
			dependencies = (
			);
			name = ZooApp;
			productName = ZooApp;
			productReference = 241225342D2928D600143D50 /* ZooApp.app */;
			productType = "com.apple.product-type.application";
		};
		2412254C2D2928D900143D50 /* ZooAppTests */ = {
			isa = PBXNativeTarget;
			buildConfigurationList = 241225642D2928D900143D50 /* Build configuration list for PBXNativeTarget "ZooAppTests" */;
			buildPhases = (
				241225492D2928D900143D50 /* Sources */,
				2412254A2D2928D900143D50 /* Frameworks */,
				2412254B2D2928D900143D50 /* Resources */,
			);
			buildRules = (
			);
			dependencies = (
				2412254F2D2928D900143D50 /* PBXTargetDependency */,
			);
			name = ZooAppTests;
			productName = ZooAppTests;
			productReference = 2412254D2D2928D900143D50 /* ZooAppTests.xctest */;
			productType = "com.apple.product-type.bundle.unit-test";
		};
		241225562D2928D900143D50 /* ZooAppUITests */ = {
			isa = PBXNativeTarget;
			buildConfigurationList = 241225672D2928D900143D50 /* Build configuration list for PBXNativeTarget "ZooAppUITests" */;
			buildPhases = (
				241225532D2928D900143D50 /* Sources */,
				241225542D2928D900143D50 /* Frameworks */,
				241225552D2928D900143D50 /* Resources */,
			);
			buildRules = (
			);
			dependencies = (
				241225592D2928D900143D50 /* PBXTargetDependency */,
			);
			name = ZooAppUITests;
			productName = ZooAppUITests;
			productReference = 241225572D2928D900143D50 /* ZooAppUITests.xctest */;
			productType = "com.apple.product-type.bundle.ui-testing";
		};
/* End PBXNativeTarget section */

/* Begin PBXProject section */
		2412252C2D2928D600143D50 /* Project object */ = {
			isa = PBXProject;
			attributes = {
				BuildIndependentTargetsInParallel = 1;
				LastSwiftUpdateCheck = 1540;
				LastUpgradeCheck = 1540;
				TargetAttributes = {
					241225332D2928D600143D50 = {
						CreatedOnToolsVersion = 15.4;
					};
					2412254C2D2928D900143D50 = {
						CreatedOnToolsVersion = 15.4;
						TestTargetID = 241225332D2928D600143D50;
					};
					241225562D2928D900143D50 = {
						CreatedOnToolsVersion = 15.4;
						TestTargetID = 241225332D2928D600143D50;
					};
				};
			};
			buildConfigurationList = 2412252F2D2928D600143D50 /* Build configuration list for PBXProject "ZooApp" */;
			compatibilityVersion = "Xcode 14.0";
			developmentRegion = en;
			hasScannedForEncodings = 0;
			knownRegions = (
				en,
				Base,
			);
			mainGroup = 2412252B2D2928D600143D50;
			productRefGroup = 241225352D2928D600143D50 /* Products */;
			projectDirPath = "";
			projectRoot = "";
			targets = (
				241225332D2928D600143D50 /* ZooApp */,
				2412254C2D2928D900143D50 /* ZooAppTests */,
				241225562D2928D900143D50 /* ZooAppUITests */,
			);
		};
/* End PBXProject section */

/* Begin PBXResourcesBuildPhase section */
		241225322D2928D600143D50 /* Resources */ = {
			isa = PBXResourcesBuildPhase;
			buildActionMask = 2147483647;
			files = (
				24020C002D2BDD4F00AC0DB6 /* ZooCell.xib in Resources */,
				243E9BC32D317E15006E20FB /* ListCell.xib in Resources */,
				243E9BA52D2FB08F006E20FB /* ZooDetailCell.xib in Resources */,
				241225442D2928D900143D50 /* Assets.xcassets in Resources */,
				241225472D2928D900143D50 /* Base in Resources */,
				243FA62F2D2D614800C98E5A /* ZooFile.json in Resources */,
				2412253F2D2928D600143D50 /* Base in Resources */,
			);
			runOnlyForDeploymentPostprocessing = 0;
		};
		2412254B2D2928D900143D50 /* Resources */ = {
			isa = PBXResourcesBuildPhase;
			buildActionMask = 2147483647;
			files = (
			);
			runOnlyForDeploymentPostprocessing = 0;
		};
		241225552D2928D900143D50 /* Resources */ = {
			isa = PBXResourcesBuildPhase;
			buildActionMask = 2147483647;
			files = (
			);
			runOnlyForDeploymentPostprocessing = 0;
		};
/* End PBXResourcesBuildPhase section */

/* Begin PBXSourcesBuildPhase section */
		241225302D2928D600143D50 /* Sources */ = {
			isa = PBXSourcesBuildPhase;
			buildActionMask = 2147483647;
			files = (
				24F439902D36926E00011EDB /* UserDefaultsHelper.swift in Sources */,
				24020BE32D2930E100AC0DB6 /* OnboardingController.swift in Sources */,
				24F439962D37B91800011EDB /* FavoritesController.swift in Sources */,
				243E9BB52D2FE8EF006E20FB /* ZooDetails+CoreDataClass.swift in Sources */,
				243E9BB62D2FE8EF006E20FB /* ZooDetails+CoreDataProperties.swift in Sources */,
				243E9BB92D2FF208006E20FB /* ZooDetail.swift in Sources */,
				241225422D2928D600143D50 /* ZooApp.xcdatamodeld in Sources */,
				24020BF32D2977DD00AC0DB6 /* HomeController.swift in Sources */,
				24020C012D2BDD4F00AC0DB6 /* ZooCell.swift in Sources */,
				243E9BA12D2FB05D006E20FB /* ZooDetailController.swift in Sources */,
				243E9BC22D317E15006E20FB /* ListCell.swift in Sources */,
				24020BE72D294F9100AC0DB6 /* RegisterController.swift in Sources */,
				241225382D2928D600143D50 /* AppDelegate.swift in Sources */,
				24020C052D2BFC0600AC0DB6 /* ZooViewModel.swift in Sources */,
				24020BEC2D29527B00AC0DB6 /* LoginViewModel.swift in Sources */,
				243E9BA42D2FB08F006E20FB /* ZooDetailCell.swift in Sources */,
				2412253A2D2928D600143D50 /* SceneDelegate.swift in Sources */,
				24020BF82D2BCFB900AC0DB6 /* Zoo.swift in Sources */,
				24F4398B2D34240F00011EDB /* FileManagerUser.swift in Sources */,
				24F4399A2D3821A300011EDB /* UserDefaults.swift in Sources */,
				24020BE52D293C6000AC0DB6 /* LoginController.swift in Sources */,
				243FA5E22D2C150600C98E5A /* AnimalListController.swift in Sources */,
				241BE2972D2E92FD002F0BD0 /* AnimalDetailController.swift in Sources */,
				241BE2992D2E963D002F0BD0 /* AnimalDetailViewModel.swift in Sources */,
				243E9BAA2D2FE863006E20FB /* ZooData.swift in Sources */,
				24020BEF2D2952A400AC0DB6 /* RegisterViewModel.swift in Sources */,
				243FA5E42D2C3FB300C98E5A /* AnimalViewModel.swift in Sources */,
				243E9BA82D2FE85A006E20FB /* CoreData.swift in Sources */,
				24020BE92D29517100AC0DB6 /* User.swift in Sources */,
			);
			runOnlyForDeploymentPostprocessing = 0;
		};
		241225492D2928D900143D50 /* Sources */ = {
			isa = PBXSourcesBuildPhase;
			buildActionMask = 2147483647;
			files = (
			);
			runOnlyForDeploymentPostprocessing = 0;
		};
		241225532D2928D900143D50 /* Sources */ = {
			isa = PBXSourcesBuildPhase;
			buildActionMask = 2147483647;
			files = (
			);
			runOnlyForDeploymentPostprocessing = 0;
		};
/* End PBXSourcesBuildPhase section */

/* Begin PBXTargetDependency section */
		2412254F2D2928D900143D50 /* PBXTargetDependency */ = {
			isa = PBXTargetDependency;
			target = 241225332D2928D600143D50 /* ZooApp */;
			targetProxy = 2412254E2D2928D900143D50 /* PBXContainerItemProxy */;
		};
		241225592D2928D900143D50 /* PBXTargetDependency */ = {
			isa = PBXTargetDependency;
			target = 241225332D2928D600143D50 /* ZooApp */;
			targetProxy = 241225582D2928D900143D50 /* PBXContainerItemProxy */;
		};
/* End PBXTargetDependency section */

/* Begin PBXVariantGroup section */
		2412253D2D2928D600143D50 /* Main.storyboard */ = {
			isa = PBXVariantGroup;
			children = (
				2412253E2D2928D600143D50 /* Base */,
			);
			name = Main.storyboard;
			sourceTree = "<group>";
		};
		241225452D2928D900143D50 /* LaunchScreen.storyboard */ = {
			isa = PBXVariantGroup;
			children = (
				241225462D2928D900143D50 /* Base */,
			);
			name = LaunchScreen.storyboard;
			sourceTree = "<group>";
		};
/* End PBXVariantGroup section */

/* Begin XCBuildConfiguration section */
		2412255F2D2928D900143D50 /* Debug */ = {
			isa = XCBuildConfiguration;
			buildSettings = {
				ALWAYS_SEARCH_USER_PATHS = NO;
				ASSETCATALOG_COMPILER_GENERATE_SWIFT_ASSET_SYMBOL_EXTENSIONS = YES;
				CLANG_ANALYZER_NONNULL = YES;
				CLANG_ANALYZER_NUMBER_OBJECT_CONVERSION = YES_AGGRESSIVE;
				CLANG_CXX_LANGUAGE_STANDARD = "gnu++20";
				CLANG_ENABLE_MODULES = YES;
				CLANG_ENABLE_OBJC_ARC = YES;
				CLANG_ENABLE_OBJC_WEAK = YES;
				CLANG_WARN_BLOCK_CAPTURE_AUTORELEASING = YES;
				CLANG_WARN_BOOL_CONVERSION = YES;
				CLANG_WARN_COMMA = YES;
				CLANG_WARN_CONSTANT_CONVERSION = YES;
				CLANG_WARN_DEPRECATED_OBJC_IMPLEMENTATIONS = YES;
				CLANG_WARN_DIRECT_OBJC_ISA_USAGE = YES_ERROR;
				CLANG_WARN_DOCUMENTATION_COMMENTS = YES;
				CLANG_WARN_EMPTY_BODY = YES;
				CLANG_WARN_ENUM_CONVERSION = YES;
				CLANG_WARN_INFINITE_RECURSION = YES;
				CLANG_WARN_INT_CONVERSION = YES;
				CLANG_WARN_NON_LITERAL_NULL_CONVERSION = YES;
				CLANG_WARN_OBJC_IMPLICIT_RETAIN_SELF = YES;
				CLANG_WARN_OBJC_LITERAL_CONVERSION = YES;
				CLANG_WARN_OBJC_ROOT_CLASS = YES_ERROR;
				CLANG_WARN_QUOTED_INCLUDE_IN_FRAMEWORK_HEADER = YES;
				CLANG_WARN_RANGE_LOOP_ANALYSIS = YES;
				CLANG_WARN_STRICT_PROTOTYPES = YES;
				CLANG_WARN_SUSPICIOUS_MOVE = YES;
				CLANG_WARN_UNGUARDED_AVAILABILITY = YES_AGGRESSIVE;
				CLANG_WARN_UNREACHABLE_CODE = YES;
				CLANG_WARN__DUPLICATE_METHOD_MATCH = YES;
				COPY_PHASE_STRIP = NO;
				DEBUG_INFORMATION_FORMAT = dwarf;
				ENABLE_STRICT_OBJC_MSGSEND = YES;
				ENABLE_TESTABILITY = YES;
				ENABLE_USER_SCRIPT_SANDBOXING = YES;
				GCC_C_LANGUAGE_STANDARD = gnu17;
				GCC_DYNAMIC_NO_PIC = NO;
				GCC_NO_COMMON_BLOCKS = YES;
				GCC_OPTIMIZATION_LEVEL = 0;
				GCC_PREPROCESSOR_DEFINITIONS = (
					"DEBUG=1",
					"$(inherited)",
				);
				GCC_WARN_64_TO_32_BIT_CONVERSION = YES;
				GCC_WARN_ABOUT_RETURN_TYPE = YES_ERROR;
				GCC_WARN_UNDECLARED_SELECTOR = YES;
				GCC_WARN_UNINITIALIZED_AUTOS = YES_AGGRESSIVE;
				GCC_WARN_UNUSED_FUNCTION = YES;
				GCC_WARN_UNUSED_VARIABLE = YES;
				IPHONEOS_DEPLOYMENT_TARGET = 17.5;
				LOCALIZATION_PREFERS_STRING_CATALOGS = YES;
				MTL_ENABLE_DEBUG_INFO = INCLUDE_SOURCE;
				MTL_FAST_MATH = YES;
				ONLY_ACTIVE_ARCH = YES;
				SDKROOT = iphoneos;
				SWIFT_ACTIVE_COMPILATION_CONDITIONS = "DEBUG $(inherited)";
				SWIFT_OPTIMIZATION_LEVEL = "-Onone";
			};
			name = Debug;
		};
		241225602D2928D900143D50 /* Release */ = {
			isa = XCBuildConfiguration;
			buildSettings = {
				ALWAYS_SEARCH_USER_PATHS = NO;
				ASSETCATALOG_COMPILER_GENERATE_SWIFT_ASSET_SYMBOL_EXTENSIONS = YES;
				CLANG_ANALYZER_NONNULL = YES;
				CLANG_ANALYZER_NUMBER_OBJECT_CONVERSION = YES_AGGRESSIVE;
				CLANG_CXX_LANGUAGE_STANDARD = "gnu++20";
				CLANG_ENABLE_MODULES = YES;
				CLANG_ENABLE_OBJC_ARC = YES;
				CLANG_ENABLE_OBJC_WEAK = YES;
				CLANG_WARN_BLOCK_CAPTURE_AUTORELEASING = YES;
				CLANG_WARN_BOOL_CONVERSION = YES;
				CLANG_WARN_COMMA = YES;
				CLANG_WARN_CONSTANT_CONVERSION = YES;
				CLANG_WARN_DEPRECATED_OBJC_IMPLEMENTATIONS = YES;
				CLANG_WARN_DIRECT_OBJC_ISA_USAGE = YES_ERROR;
				CLANG_WARN_DOCUMENTATION_COMMENTS = YES;
				CLANG_WARN_EMPTY_BODY = YES;
				CLANG_WARN_ENUM_CONVERSION = YES;
				CLANG_WARN_INFINITE_RECURSION = YES;
				CLANG_WARN_INT_CONVERSION = YES;
				CLANG_WARN_NON_LITERAL_NULL_CONVERSION = YES;
				CLANG_WARN_OBJC_IMPLICIT_RETAIN_SELF = YES;
				CLANG_WARN_OBJC_LITERAL_CONVERSION = YES;
				CLANG_WARN_OBJC_ROOT_CLASS = YES_ERROR;
				CLANG_WARN_QUOTED_INCLUDE_IN_FRAMEWORK_HEADER = YES;
				CLANG_WARN_RANGE_LOOP_ANALYSIS = YES;
				CLANG_WARN_STRICT_PROTOTYPES = YES;
				CLANG_WARN_SUSPICIOUS_MOVE = YES;
				CLANG_WARN_UNGUARDED_AVAILABILITY = YES_AGGRESSIVE;
				CLANG_WARN_UNREACHABLE_CODE = YES;
				CLANG_WARN__DUPLICATE_METHOD_MATCH = YES;
				COPY_PHASE_STRIP = NO;
				DEBUG_INFORMATION_FORMAT = "dwarf-with-dsym";
				ENABLE_NS_ASSERTIONS = NO;
				ENABLE_STRICT_OBJC_MSGSEND = YES;
				ENABLE_USER_SCRIPT_SANDBOXING = YES;
				GCC_C_LANGUAGE_STANDARD = gnu17;
				GCC_NO_COMMON_BLOCKS = YES;
				GCC_WARN_64_TO_32_BIT_CONVERSION = YES;
				GCC_WARN_ABOUT_RETURN_TYPE = YES_ERROR;
				GCC_WARN_UNDECLARED_SELECTOR = YES;
				GCC_WARN_UNINITIALIZED_AUTOS = YES_AGGRESSIVE;
				GCC_WARN_UNUSED_FUNCTION = YES;
				GCC_WARN_UNUSED_VARIABLE = YES;
				IPHONEOS_DEPLOYMENT_TARGET = 17.5;
				LOCALIZATION_PREFERS_STRING_CATALOGS = YES;
				MTL_ENABLE_DEBUG_INFO = NO;
				MTL_FAST_MATH = YES;
				SDKROOT = iphoneos;
				SWIFT_COMPILATION_MODE = wholemodule;
				VALIDATE_PRODUCT = YES;
			};
			name = Release;
		};
		241225622D2928D900143D50 /* Debug */ = {
			isa = XCBuildConfiguration;
			buildSettings = {
				ASSETCATALOG_COMPILER_APPICON_NAME = AppIcon;
				ASSETCATALOG_COMPILER_GLOBAL_ACCENT_COLOR_NAME = AccentColor;
				CODE_SIGN_STYLE = Automatic;
				CURRENT_PROJECT_VERSION = 1;
				GENERATE_INFOPLIST_FILE = YES;
				INFOPLIST_FILE = ZooApp/Info.plist;
				INFOPLIST_KEY_UIApplicationSupportsIndirectInputEvents = YES;
				INFOPLIST_KEY_UILaunchStoryboardName = LaunchScreen;
				INFOPLIST_KEY_UIMainStoryboardFile = Main;
				INFOPLIST_KEY_UISupportedInterfaceOrientations_iPad = "UIInterfaceOrientationPortrait UIInterfaceOrientationPortraitUpsideDown UIInterfaceOrientationLandscapeLeft UIInterfaceOrientationLandscapeRight";
				INFOPLIST_KEY_UISupportedInterfaceOrientations_iPhone = "UIInterfaceOrientationPortrait UIInterfaceOrientationLandscapeLeft UIInterfaceOrientationLandscapeRight";
				LD_RUNPATH_SEARCH_PATHS = (
					"$(inherited)",
					"@executable_path/Frameworks",
				);
				MARKETING_VERSION = 1.0;
				PRODUCT_BUNDLE_IDENTIFIER = com..ZooApp;
				PRODUCT_NAME = "$(TARGET_NAME)";
				SWIFT_EMIT_LOC_STRINGS = YES;
				SWIFT_VERSION = 5.0;
				TARGETED_DEVICE_FAMILY = "1,2";
			};
			name = Debug;
		};
		241225632D2928D900143D50 /* Release */ = {
			isa = XCBuildConfiguration;
			buildSettings = {
				ASSETCATALOG_COMPILER_APPICON_NAME = AppIcon;
				ASSETCATALOG_COMPILER_GLOBAL_ACCENT_COLOR_NAME = AccentColor;
				CODE_SIGN_STYLE = Automatic;
				CURRENT_PROJECT_VERSION = 1;
				GENERATE_INFOPLIST_FILE = YES;
				INFOPLIST_FILE = ZooApp/Info.plist;
				INFOPLIST_KEY_UIApplicationSupportsIndirectInputEvents = YES;
				INFOPLIST_KEY_UILaunchStoryboardName = LaunchScreen;
				INFOPLIST_KEY_UIMainStoryboardFile = Main;
				INFOPLIST_KEY_UISupportedInterfaceOrientations_iPad = "UIInterfaceOrientationPortrait UIInterfaceOrientationPortraitUpsideDown UIInterfaceOrientationLandscapeLeft UIInterfaceOrientationLandscapeRight";
				INFOPLIST_KEY_UISupportedInterfaceOrientations_iPhone = "UIInterfaceOrientationPortrait UIInterfaceOrientationLandscapeLeft UIInterfaceOrientationLandscapeRight";
				LD_RUNPATH_SEARCH_PATHS = (
					"$(inherited)",
					"@executable_path/Frameworks",
				);
				MARKETING_VERSION = 1.0;
				PRODUCT_BUNDLE_IDENTIFIER = com..ZooApp;
				PRODUCT_NAME = "$(TARGET_NAME)";
				SWIFT_EMIT_LOC_STRINGS = YES;
				SWIFT_VERSION = 5.0;
				TARGETED_DEVICE_FAMILY = "1,2";
			};
			name = Release;
		};
		241225652D2928D900143D50 /* Debug */ = {
			isa = XCBuildConfiguration;
			buildSettings = {
				ALWAYS_EMBED_SWIFT_STANDARD_LIBRARIES = YES;
				BUNDLE_LOADER = "$(TEST_HOST)";
				CODE_SIGN_STYLE = Automatic;
				CURRENT_PROJECT_VERSION = 1;
				GENERATE_INFOPLIST_FILE = YES;
				IPHONEOS_DEPLOYMENT_TARGET = 17.5;
				MARKETING_VERSION = 1.0;
				PRODUCT_BUNDLE_IDENTIFIER = com..ZooAppTests;
				PRODUCT_NAME = "$(TARGET_NAME)";
				SWIFT_EMIT_LOC_STRINGS = NO;
				SWIFT_VERSION = 5.0;
				TARGETED_DEVICE_FAMILY = "1,2";
				TEST_HOST = "$(BUILT_PRODUCTS_DIR)/ZooApp.app/$(BUNDLE_EXECUTABLE_FOLDER_PATH)/ZooApp";
			};
			name = Debug;
		};
		241225662D2928D900143D50 /* Release */ = {
			isa = XCBuildConfiguration;
			buildSettings = {
				ALWAYS_EMBED_SWIFT_STANDARD_LIBRARIES = YES;
				BUNDLE_LOADER = "$(TEST_HOST)";
				CODE_SIGN_STYLE = Automatic;
				CURRENT_PROJECT_VERSION = 1;
				GENERATE_INFOPLIST_FILE = YES;
				IPHONEOS_DEPLOYMENT_TARGET = 17.5;
				MARKETING_VERSION = 1.0;
				PRODUCT_BUNDLE_IDENTIFIER = com..ZooAppTests;
				PRODUCT_NAME = "$(TARGET_NAME)";
				SWIFT_EMIT_LOC_STRINGS = NO;
				SWIFT_VERSION = 5.0;
				TARGETED_DEVICE_FAMILY = "1,2";
				TEST_HOST = "$(BUILT_PRODUCTS_DIR)/ZooApp.app/$(BUNDLE_EXECUTABLE_FOLDER_PATH)/ZooApp";
			};
			name = Release;
		};
		241225682D2928D900143D50 /* Debug */ = {
			isa = XCBuildConfiguration;
			buildSettings = {
				ALWAYS_EMBED_SWIFT_STANDARD_LIBRARIES = YES;
				CODE_SIGN_STYLE = Automatic;
				CURRENT_PROJECT_VERSION = 1;
				GENERATE_INFOPLIST_FILE = YES;
				MARKETING_VERSION = 1.0;
				PRODUCT_BUNDLE_IDENTIFIER = com..ZooAppUITests;
				PRODUCT_NAME = "$(TARGET_NAME)";
				SWIFT_EMIT_LOC_STRINGS = NO;
				SWIFT_VERSION = 5.0;
				TARGETED_DEVICE_FAMILY = "1,2";
				TEST_TARGET_NAME = ZooApp;
			};
			name = Debug;
		};
		241225692D2928D900143D50 /* Release */ = {
			isa = XCBuildConfiguration;
			buildSettings = {
				ALWAYS_EMBED_SWIFT_STANDARD_LIBRARIES = YES;
				CODE_SIGN_STYLE = Automatic;
				CURRENT_PROJECT_VERSION = 1;
				GENERATE_INFOPLIST_FILE = YES;
				MARKETING_VERSION = 1.0;
				PRODUCT_BUNDLE_IDENTIFIER = com..ZooAppUITests;
				PRODUCT_NAME = "$(TARGET_NAME)";
				SWIFT_EMIT_LOC_STRINGS = NO;
				SWIFT_VERSION = 5.0;
				TARGETED_DEVICE_FAMILY = "1,2";
				TEST_TARGET_NAME = ZooApp;
			};
			name = Release;
		};
/* End XCBuildConfiguration section */

/* Begin XCConfigurationList section */
		2412252F2D2928D600143D50 /* Build configuration list for PBXProject "ZooApp" */ = {
			isa = XCConfigurationList;
			buildConfigurations = (
				2412255F2D2928D900143D50 /* Debug */,
				241225602D2928D900143D50 /* Release */,
			);
			defaultConfigurationIsVisible = 0;
			defaultConfigurationName = Release;
		};
		241225612D2928D900143D50 /* Build configuration list for PBXNativeTarget "ZooApp" */ = {
			isa = XCConfigurationList;
			buildConfigurations = (
				241225622D2928D900143D50 /* Debug */,
				241225632D2928D900143D50 /* Release */,
			);
			defaultConfigurationIsVisible = 0;
			defaultConfigurationName = Release;
		};
		241225642D2928D900143D50 /* Build configuration list for PBXNativeTarget "ZooAppTests" */ = {
			isa = XCConfigurationList;
			buildConfigurations = (
				241225652D2928D900143D50 /* Debug */,
				241225662D2928D900143D50 /* Release */,
			);
			defaultConfigurationIsVisible = 0;
			defaultConfigurationName = Release;
		};
		241225672D2928D900143D50 /* Build configuration list for PBXNativeTarget "ZooAppUITests" */ = {
			isa = XCConfigurationList;
			buildConfigurations = (
				241225682D2928D900143D50 /* Debug */,
				241225692D2928D900143D50 /* Release */,
			);
			defaultConfigurationIsVisible = 0;
			defaultConfigurationName = Release;
		};
/* End XCConfigurationList section */

/* Begin XCVersionGroup section */
		241225402D2928D600143D50 /* ZooApp.xcdatamodeld */ = {
			isa = XCVersionGroup;
			children = (
				241225412D2928D600143D50 /* ZooApp.xcdatamodel */,
			);
			currentVersion = 241225412D2928D600143D50 /* ZooApp.xcdatamodel */;
			path = ZooApp.xcdatamodeld;
			sourceTree = "<group>";
			versionGroupType = wrapper.xcdatamodel;
		};
/* End XCVersionGroup section */
	};
	rootObject = 2412252C2D2928D600143D50 /* Project object */;
}
